// !$*UTF8*$!
{
	archiveVersion = 1;
	classes = {
	};
	objectVersion = 56;
	objects = {

/* Begin PBXBuildFile section */
		B039275C2EC4E53000FDB6B4 /* TuneIslanApp.swift in Sources */ = {isa = PBXBuildFile; fileRef = B039275B2EC4E53000FDB6B4 /* TuneIslanApp.swift */; };
		B039275E2EC4E53000FDB6B4 /* ContentView.swift in Sources */ = {isa = PBXBuildFile; fileRef = B039275D2EC4E53000FDB6B4 /* ContentView.swift */; };
		B03927602EC4E53100FDB6B4 /* Assets.xcassets in Resources */ = {isa = PBXBuildFile; fileRef = B039275F2EC4E53100FDB6B4 /* Assets.xcassets */; };
		B03927632EC4E53100FDB6B4 /* Preview Assets.xcassets in Resources */ = {isa = PBXBuildFile; fileRef = B03927622EC4E53100FDB6B4 /* Preview Assets.xcassets */; };
		B03927652EC4E53100FDB6B4 /* Persistence.swift in Sources */ = {isa = PBXBuildFile; fileRef = B03927642EC4E53100FDB6B4 /* Persistence.swift */; };
		B03927682EC4E53100FDB6B4 /* TuneIslan.xcdatamodeld in Sources */ = {isa = PBXBuildFile; fileRef = B03927662EC4E53100FDB6B4 /* TuneIslan.xcdatamodeld */; };
		B039277D2EC4EF7700FDB6B4 /* SplashView.swift in Sources */ = {isa = PBXBuildFile; fileRef = B039277C2EC4EF7700FDB6B4 /* SplashView.swift */; };
		B039277F2EC4F04A00FDB6B4 /* LevelSelectionViewModel.swift in Sources */ = {isa = PBXBuildFile; fileRef = B039277E2EC4F04A00FDB6B4 /* LevelSelectionViewModel.swift */; };
		B03927812EC4F07600FDB6B4 /* LevelSelectionView.swift in Sources */ = {isa = PBXBuildFile; fileRef = B03927802EC4F07600FDB6B4 /* LevelSelectionView.swift */; };
		B051A6382EC6161C001BEB0E /* PianoKey.swift in Sources */ = {isa = PBXBuildFile; fileRef = B051A6372EC6161C001BEB0E /* PianoKey.swift */; };
		B051A63A2EC61646001BEB0E /* SoundGenerator.swift in Sources */ = {isa = PBXBuildFile; fileRef = B051A6392EC61646001BEB0E /* SoundGenerator.swift */; };
		B051A6402EC616C6001BEB0E /* PianoViewModel.swift in Sources */ = {isa = PBXBuildFile; fileRef = B051A63F2EC616C6001BEB0E /* PianoViewModel.swift */; };
		B051A6422EC61726001BEB0E /* PianoKeyView.swift in Sources */ = {isa = PBXBuildFile; fileRef = B051A6412EC61726001BEB0E /* PianoKeyView.swift */; };
		B051A6442EC61762001BEB0E /* PianoKeyboardView.swift in Sources */ = {isa = PBXBuildFile; fileRef = B051A6432EC61762001BEB0E /* PianoKeyboardView.swift */; };
		B051A6462EC617B6001BEB0E /* PianoView.swift in Sources */ = {isa = PBXBuildFile; fileRef = B051A6452EC617B6001BEB0E /* PianoView.swift */; };
		B0C177EB2EC6294E0004E929 /* si.mp3 in Resources */ = {isa = PBXBuildFile; fileRef = B0C177E42EC6294E0004E929 /* si.mp3 */; };
		B0C177EC2EC6294E0004E929 /* fa.mp3 in Resources */ = {isa = PBXBuildFile; fileRef = B0C177E52EC6294E0004E929 /* fa.mp3 */; };
		B0C177EE2EC6294E0004E929 /* do.mp3 in Resources */ = {isa = PBXBuildFile; fileRef = B0C177E72EC6294E0004E929 /* do.mp3 */; };
		B0C177F02EC6294E0004E929 /* la.mp3 in Resources */ = {isa = PBXBuildFile; fileRef = B0C177E92EC6294E0004E929 /* la.mp3 */; };
		B0C177F12EC6294E0004E929 /* sol.mp3 in Resources */ = {isa = PBXBuildFile; fileRef = B0C177EA2EC6294E0004E929 /* sol.mp3 */; };
		B0D1418D2EC62D0E00FBC0A4 /* mi.mp3 in Resources */ = {isa = PBXBuildFile; fileRef = B0D1418B2EC62D0E00FBC0A4 /* mi.mp3 */; };
		B0D141902EC62E4E00FBC0A4 /* re.mp3 in Resources */ = {isa = PBXBuildFile; fileRef = B0D1418F2EC62E4E00FBC0A4 /* re.mp3 */; };
/* End PBXBuildFile section */

/* Begin PBXFileReference section */
		B03927582EC4E53000FDB6B4 /* TuneIslan.app */ = {isa = PBXFileReference; explicitFileType = wrapper.application; includeInIndex = 0; path = TuneIslan.app; sourceTree = BUILT_PRODUCTS_DIR; };
		B039275B2EC4E53000FDB6B4 /* TuneIslanApp.swift */ = {isa = PBXFileReference; lastKnownFileType = sourcecode.swift; path = TuneIslanApp.swift; sourceTree = "<group>"; };
		B039275D2EC4E53000FDB6B4 /* ContentView.swift */ = {isa = PBXFileReference; lastKnownFileType = sourcecode.swift; path = ContentView.swift; sourceTree = "<group>"; };
		B039275F2EC4E53100FDB6B4 /* Assets.xcassets */ = {isa = PBXFileReference; lastKnownFileType = folder.assetcatalog; path = Assets.xcassets; sourceTree = "<group>"; };
		B03927622EC4E53100FDB6B4 /* Preview Assets.xcassets */ = {isa = PBXFileReference; lastKnownFileType = folder.assetcatalog; path = "Preview Assets.xcassets"; sourceTree = "<group>"; };
		B03927642EC4E53100FDB6B4 /* Persistence.swift */ = {isa = PBXFileReference; lastKnownFileType = sourcecode.swift; path = Persistence.swift; sourceTree = "<group>"; };
		B03927672EC4E53100FDB6B4 /* TuneIslan.xcdatamodel */ = {isa = PBXFileReference; lastKnownFileType = wrapper.xcdatamodel; path = TuneIslan.xcdatamodel; sourceTree = "<group>"; };
		B039277C2EC4EF7700FDB6B4 /* SplashView.swift */ = {isa = PBXFileReference; lastKnownFileType = sourcecode.swift; path = SplashView.swift; sourceTree = "<group>"; };
		B039277E2EC4F04A00FDB6B4 /* LevelSelectionViewModel.swift */ = {isa = PBXFileReference; lastKnownFileType = sourcecode.swift; path = LevelSelectionViewModel.swift; sourceTree = "<group>"; };
		B03927802EC4F07600FDB6B4 /* LevelSelectionView.swift */ = {isa = PBXFileReference; lastKnownFileType = sourcecode.swift; path = LevelSelectionView.swift; sourceTree = "<group>"; };
		B051A6372EC6161C001BEB0E /* PianoKey.swift */ = {isa = PBXFileReference; lastKnownFileType = sourcecode.swift; path = PianoKey.swift; sourceTree = "<group>"; };
		B051A6392EC61646001BEB0E /* SoundGenerator.swift */ = {isa = PBXFileReference; lastKnownFileType = sourcecode.swift; path = SoundGenerator.swift; sourceTree = "<group>"; };
		B051A63F2EC616C6001BEB0E /* PianoViewModel.swift */ = {isa = PBXFileReference; lastKnownFileType = sourcecode.swift; path = PianoViewModel.swift; sourceTree = "<group>"; };
		B051A6412EC61726001BEB0E /* PianoKeyView.swift */ = {isa = PBXFileReference; lastKnownFileType = sourcecode.swift; path = PianoKeyView.swift; sourceTree = "<group>"; };
		B051A6432EC61762001BEB0E /* PianoKeyboardView.swift */ = {isa = PBXFileReference; lastKnownFileType = sourcecode.swift; path = PianoKeyboardView.swift; sourceTree = "<group>"; };
		B051A6452EC617B6001BEB0E /* PianoView.swift */ = {isa = PBXFileReference; lastKnownFileType = sourcecode.swift; path = PianoView.swift; sourceTree = "<group>"; };
		B0C177E42EC6294E0004E929 /* si.mp3 */ = {isa = PBXFileReference; lastKnownFileType = audio.mp3; path = si.mp3; sourceTree = "<group>"; };
		B0C177E52EC6294E0004E929 /* fa.mp3 */ = {isa = PBXFileReference; lastKnownFileType = audio.mp3; path = fa.mp3; sourceTree = "<group>"; };
		B0C177E72EC6294E0004E929 /* do.mp3 */ = {isa = PBXFileReference; lastKnownFileType = audio.mp3; path = do.mp3; sourceTree = "<group>"; };
		B0C177E92EC6294E0004E929 /* la.mp3 */ = {isa = PBXFileReference; lastKnownFileType = audio.mp3; path = la.mp3; sourceTree = "<group>"; };
		B0C177EA2EC6294E0004E929 /* sol.mp3 */ = {isa = PBXFileReference; lastKnownFileType = audio.mp3; path = sol.mp3; sourceTree = "<group>"; };
		B0D1418B2EC62D0E00FBC0A4 /* mi.mp3 */ = {isa = PBXFileReference; lastKnownFileType = audio.mp3; path = mi.mp3; sourceTree = "<group>"; };
		B0D1418F2EC62E4E00FBC0A4 /* re.mp3 */ = {isa = PBXFileReference; lastKnownFileType = audio.mp3; path = re.mp3; sourceTree = "<group>"; };
/* End PBXFileReference section */

/* Begin PBXFrameworksBuildPhase section */
		B03927552EC4E53000FDB6B4 /* Frameworks */ = {
			isa = PBXFrameworksBuildPhase;
			buildActionMask = 2147483647;
			files = (
			);
			runOnlyForDeploymentPostprocessing = 0;
		};
/* End PBXFrameworksBuildPhase section */

/* Begin PBXGroup section */
		B039274F2EC4E53000FDB6B4 = {
			isa = PBXGroup;
			children = (
				B039275A2EC4E53000FDB6B4 /* TuneIslan */,
				B03927592EC4E53000FDB6B4 /* Products */,
			);
			sourceTree = "<group>";
		};
		B03927592EC4E53000FDB6B4 /* Products */ = {
			isa = PBXGroup;
			children = (
				B03927582EC4E53000FDB6B4 /* TuneIslan.app */,
			);
			name = Products;
			sourceTree = "<group>";
		};
		B039275A2EC4E53000FDB6B4 /* TuneIslan */ = {
			isa = PBXGroup;
			children = (
				B0C177E32EC6294E0004E929 /* Resources */,
				B03927742EC4EE1500FDB6B4 /* Utilities */,
				B03927732EC4EE0E00FDB6B4 /* Core */,
				B03927722EC4EE0100FDB6B4 /* Features */,
				B039275B2EC4E53000FDB6B4 /* TuneIslanApp.swift */,
				B039275D2EC4E53000FDB6B4 /* ContentView.swift */,
				B039275F2EC4E53100FDB6B4 /* Assets.xcassets */,
				B03927642EC4E53100FDB6B4 /* Persistence.swift */,
				B03927662EC4E53100FDB6B4 /* TuneIslan.xcdatamodeld */,
				B03927612EC4E53100FDB6B4 /* Preview Content */,
			);
			path = TuneIslan;
			sourceTree = "<group>";
		};
		B03927612EC4E53100FDB6B4 /* Preview Content */ = {
			isa = PBXGroup;
			children = (
				B03927622EC4E53100FDB6B4 /* Preview Assets.xcassets */,
			);
			path = "Preview Content";
			sourceTree = "<group>";
		};
		B03927722EC4EE0100FDB6B4 /* Features */ = {
			isa = PBXGroup;
			children = (
				B03927772EC4EE9C00FDB6B4 /* Piano */,
				B03927762EC4EE8C00FDB6B4 /* LevelSelection */,
				B03927752EC4EE2F00FDB6B4 /* Splash */,
			);
			path = Features;
			sourceTree = "<group>";
		};
		B03927732EC4EE0E00FDB6B4 /* Core */ = {
			isa = PBXGroup;
			children = (
			);
			path = Core;
			sourceTree = "<group>";
		};
		B03927742EC4EE1500FDB6B4 /* Utilities */ = {
			isa = PBXGroup;
			children = (
			);
			path = Utilities;
			sourceTree = "<group>";
		};
		B03927752EC4EE2F00FDB6B4 /* Splash */ = {
			isa = PBXGroup;
			children = (
				B039277C2EC4EF7700FDB6B4 /* SplashView.swift */,
			);
			path = Splash;
			sourceTree = "<group>";
		};
		B03927762EC4EE8C00FDB6B4 /* LevelSelection */ = {
			isa = PBXGroup;
			children = (
				B03927792EC4EEC000FDB6B4 /* ViewModels */,
				B03927782EC4EEB300FDB6B4 /* Views */,
			);
			path = LevelSelection;
			sourceTree = "<group>";
		};
		B03927772EC4EE9C00FDB6B4 /* Piano */ = {
			isa = PBXGroup;
			children = (
				B051A6362EC615ED001BEB0E /* Models */,
				B039277B2EC4EEE200FDB6B4 /* ViewModels */,
				B039277A2EC4EED100FDB6B4 /* Views */,
			);
			path = Piano;
			sourceTree = "<group>";
		};
		B03927782EC4EEB300FDB6B4 /* Views */ = {
			isa = PBXGroup;
			children = (
				B03927802EC4F07600FDB6B4 /* LevelSelectionView.swift */,
			);
			path = Views;
			sourceTree = "<group>";
		};
		B03927792EC4EEC000FDB6B4 /* ViewModels */ = {
			isa = PBXGroup;
			children = (
				B039277E2EC4F04A00FDB6B4 /* LevelSelectionViewModel.swift */,
			);
			path = ViewModels;
			sourceTree = "<group>";
		};
		B039277A2EC4EED100FDB6B4 /* Views */ = {
			isa = PBXGroup;
			children = (
				B051A6432EC61762001BEB0E /* PianoKeyboardView.swift */,
				B051A6452EC617B6001BEB0E /* PianoView.swift */,
			);
			path = Views;
			sourceTree = "<group>";
		};
		B039277B2EC4EEE200FDB6B4 /* ViewModels */ = {
			isa = PBXGroup;
			children = (
				B051A63F2EC616C6001BEB0E /* PianoViewModel.swift */,
				B051A6412EC61726001BEB0E /* PianoKeyView.swift */,
			);
			path = ViewModels;
			sourceTree = "<group>";
		};
		B051A6362EC615ED001BEB0E /* Models */ = {
			isa = PBXGroup;
			children = (
				B051A6372EC6161C001BEB0E /* PianoKey.swift */,
				B051A6392EC61646001BEB0E /* SoundGenerator.swift */,
			);
			path = Models;
			sourceTree = "<group>";
		};
		B0C177E32EC6294E0004E929 /* Resources */ = {
			isa = PBXGroup;
			children = (
				B0D1418F2EC62E4E00FBC0A4 /* re.mp3 */,
				B0D1418B2EC62D0E00FBC0A4 /* mi.mp3 */,
				B0C177E42EC6294E0004E929 /* si.mp3 */,
				B0C177E52EC6294E0004E929 /* fa.mp3 */,
				B0C177E72EC6294E0004E929 /* do.mp3 */,
				B0C177E92EC6294E0004E929 /* la.mp3 */,
				B0C177EA2EC6294E0004E929 /* sol.mp3 */,
			);
			name = Resources;
			path = "../../piano sounds/Resources";
			sourceTree = "<group>";
		};
/* End PBXGroup section */

/* Begin PBXNativeTarget section */
		B03927572EC4E53000FDB6B4 /* TuneIslan */ = {
			isa = PBXNativeTarget;
			buildConfigurationList = B039276B2EC4E53100FDB6B4 /* Build configuration list for PBXNativeTarget "TuneIslan" */;
			buildPhases = (
				B03927542EC4E53000FDB6B4 /* Sources */,
				B03927552EC4E53000FDB6B4 /* Frameworks */,
				B03927562EC4E53000FDB6B4 /* Resources */,
			);
			buildRules = (
			);
			dependencies = (
			);
			name = TuneIslan;
			productName = TuneIslan;
			productReference = B03927582EC4E53000FDB6B4 /* TuneIslan.app */;
			productType = "com.apple.product-type.application";
		};
/* End PBXNativeTarget section */

/* Begin PBXProject section */
		B03927502EC4E53000FDB6B4 /* Project object */ = {
			isa = PBXProject;
			attributes = {
				BuildIndependentTargetsInParallel = 1;
				LastSwiftUpdateCheck = 1410;
				LastUpgradeCheck = 1410;
				TargetAttributes = {
					B03927572EC4E53000FDB6B4 = {
						CreatedOnToolsVersion = 14.1;
					};
				};
			};
			buildConfigurationList = B03927532EC4E53000FDB6B4 /* Build configuration list for PBXProject "TuneIslan" */;
			compatibilityVersion = "Xcode 14.0";
			developmentRegion = en;
			hasScannedForEncodings = 0;
			knownRegions = (
				en,
				Base,
			);
			mainGroup = B039274F2EC4E53000FDB6B4;
			productRefGroup = B03927592EC4E53000FDB6B4 /* Products */;
			projectDirPath = "";
			projectRoot = "";
			targets = (
				B03927572EC4E53000FDB6B4 /* TuneIslan */,
			);
		};
/* End PBXProject section */

/* Begin PBXResourcesBuildPhase section */
		B03927562EC4E53000FDB6B4 /* Resources */ = {
			isa = PBXResourcesBuildPhase;
			buildActionMask = 2147483647;
			files = (
				B0C177F12EC6294E0004E929 /* sol.mp3 in Resources */,
				B0C177F02EC6294E0004E929 /* la.mp3 in Resources */,
				B0D1418D2EC62D0E00FBC0A4 /* mi.mp3 in Resources */,
				B03927632EC4E53100FDB6B4 /* Preview Assets.xcassets in Resources */,
				B03927602EC4E53100FDB6B4 /* Assets.xcassets in Resources */,
				B0D141902EC62E4E00FBC0A4 /* re.mp3 in Resources */,
				B0C177EB2EC6294E0004E929 /* si.mp3 in Resources */,
				B0C177EC2EC6294E0004E929 /* fa.mp3 in Resources */,
				B0C177EE2EC6294E0004E929 /* do.mp3 in Resources */,
			);
			runOnlyForDeploymentPostprocessing = 0;
		};
/* End PBXResourcesBuildPhase section */

/* Begin PBXSourcesBuildPhase section */
		B03927542EC4E53000FDB6B4 /* Sources */ = {
			isa = PBXSourcesBuildPhase;
			buildActionMask = 2147483647;
			files = (
				B03927812EC4F07600FDB6B4 /* LevelSelectionView.swift in Sources */,
				B051A6442EC61762001BEB0E /* PianoKeyboardView.swift in Sources */,
				B051A6382EC6161C001BEB0E /* PianoKey.swift in Sources */,
				B03927652EC4E53100FDB6B4 /* Persistence.swift in Sources */,
				B051A63A2EC61646001BEB0E /* SoundGenerator.swift in Sources */,
				B051A6462EC617B6001BEB0E /* PianoView.swift in Sources */,
				B03927682EC4E53100FDB6B4 /* TuneIslan.xcdatamodeld in Sources */,
				B039277F2EC4F04A00FDB6B4 /* LevelSelectionViewModel.swift in Sources */,
				B051A6402EC616C6001BEB0E /* PianoViewModel.swift in Sources */,
				B051A6422EC61726001BEB0E /* PianoKeyView.swift in Sources */,
				B039277D2EC4EF7700FDB6B4 /* SplashView.swift in Sources */,
				B039275E2EC4E53000FDB6B4 /* ContentView.swift in Sources */,
				B039275C2EC4E53000FDB6B4 /* TuneIslanApp.swift in Sources */,
			);
			runOnlyForDeploymentPostprocessing = 0;
		};
/* End PBXSourcesBuildPhase section */

/* Begin XCBuildConfiguration section */
		B03927692EC4E53100FDB6B4 /* Debug */ = {
			isa = XCBuildConfiguration;
			buildSettings = {
				ALWAYS_SEARCH_USER_PATHS = NO;
				CLANG_ANALYZER_NONNULL = YES;
				CLANG_ANALYZER_NUMBER_OBJECT_CONVERSION = YES_AGGRESSIVE;
				CLANG_CXX_LANGUAGE_STANDARD = "gnu++20";
				CLANG_ENABLE_MODULES = YES;
				CLANG_ENABLE_OBJC_ARC = YES;
				CLANG_ENABLE_OBJC_WEAK = YES;
				CLANG_WARN_BLOCK_CAPTURE_AUTORELEASING = YES;
				CLANG_WARN_BOOL_CONVERSION = YES;
				CLANG_WARN_COMMA = YES;
				CLANG_WARN_CONSTANT_CONVERSION = YES;
				CLANG_WARN_DEPRECATED_OBJC_IMPLEMENTATIONS = YES;
				CLANG_WARN_DIRECT_OBJC_ISA_USAGE = YES_ERROR;
				CLANG_WARN_DOCUMENTATION_COMMENTS = YES;
				CLANG_WARN_EMPTY_BODY = YES;
				CLANG_WARN_ENUM_CONVERSION = YES;
				CLANG_WARN_INFINITE_RECURSION = YES;
				CLANG_WARN_INT_CONVERSION = YES;
				CLANG_WARN_NON_LITERAL_NULL_CONVERSION = YES;
				CLANG_WARN_OBJC_IMPLICIT_RETAIN_SELF = YES;
				CLANG_WARN_OBJC_LITERAL_CONVERSION = YES;
				CLANG_WARN_OBJC_ROOT_CLASS = YES_ERROR;
				CLANG_WARN_QUOTED_INCLUDE_IN_FRAMEWORK_HEADER = YES;
				CLANG_WARN_RANGE_LOOP_ANALYSIS = YES;
				CLANG_WARN_STRICT_PROTOTYPES = YES;
				CLANG_WARN_SUSPICIOUS_MOVE = YES;
				CLANG_WARN_UNGUARDED_AVAILABILITY = YES_AGGRESSIVE;
				CLANG_WARN_UNREACHABLE_CODE = YES;
				CLANG_WARN__DUPLICATE_METHOD_MATCH = YES;
				COPY_PHASE_STRIP = NO;
				DEBUG_INFORMATION_FORMAT = dwarf;
				ENABLE_STRICT_OBJC_MSGSEND = YES;
				ENABLE_TESTABILITY = YES;
				GCC_C_LANGUAGE_STANDARD = gnu11;
				GCC_DYNAMIC_NO_PIC = NO;
				GCC_NO_COMMON_BLOCKS = YES;
				GCC_OPTIMIZATION_LEVEL = 0;
				GCC_PREPROCESSOR_DEFINITIONS = (
					"DEBUG=1",
					"$(inherited)",
				);
				GCC_WARN_64_TO_32_BIT_CONVERSION = YES;
				GCC_WARN_ABOUT_RETURN_TYPE = YES_ERROR;
				GCC_WARN_UNDECLARED_SELECTOR = YES;
				GCC_WARN_UNINITIALIZED_AUTOS = YES_AGGRESSIVE;
				GCC_WARN_UNUSED_FUNCTION = YES;
				GCC_WARN_UNUSED_VARIABLE = YES;
				IPHONEOS_DEPLOYMENT_TARGET = 16.1;
				MTL_ENABLE_DEBUG_INFO = INCLUDE_SOURCE;
				MTL_FAST_MATH = YES;
				ONLY_ACTIVE_ARCH = YES;
				SDKROOT = iphoneos;
				SWIFT_ACTIVE_COMPILATION_CONDITIONS = DEBUG;
				SWIFT_OPTIMIZATION_LEVEL = "-Onone";
			};
			name = Debug;
		};
		B039276A2EC4E53100FDB6B4 /* Release */ = {
			isa = XCBuildConfiguration;
			buildSettings = {
				ALWAYS_SEARCH_USER_PATHS = NO;
				CLANG_ANALYZER_NONNULL = YES;
				CLANG_ANALYZER_NUMBER_OBJECT_CONVERSION = YES_AGGRESSIVE;
				CLANG_CXX_LANGUAGE_STANDARD = "gnu++20";
				CLANG_ENABLE_MODULES = YES;
				CLANG_ENABLE_OBJC_ARC = YES;
				CLANG_ENABLE_OBJC_WEAK = YES;
				CLANG_WARN_BLOCK_CAPTURE_AUTORELEASING = YES;
				CLANG_WARN_BOOL_CONVERSION = YES;
				CLANG_WARN_COMMA = YES;
				CLANG_WARN_CONSTANT_CONVERSION = YES;
				CLANG_WARN_DEPRECATED_OBJC_IMPLEMENTATIONS = YES;
				CLANG_WARN_DIRECT_OBJC_ISA_USAGE = YES_ERROR;
				CLANG_WARN_DOCUMENTATION_COMMENTS = YES;
				CLANG_WARN_EMPTY_BODY = YES;
				CLANG_WARN_ENUM_CONVERSION = YES;
				CLANG_WARN_INFINITE_RECURSION = YES;
				CLANG_WARN_INT_CONVERSION = YES;
				CLANG_WARN_NON_LITERAL_NULL_CONVERSION = YES;
				CLANG_WARN_OBJC_IMPLICIT_RETAIN_SELF = YES;
				CLANG_WARN_OBJC_LITERAL_CONVERSION = YES;
				CLANG_WARN_OBJC_ROOT_CLASS = YES_ERROR;
				CLANG_WARN_QUOTED_INCLUDE_IN_FRAMEWORK_HEADER = YES;
				CLANG_WARN_RANGE_LOOP_ANALYSIS = YES;
				CLANG_WARN_STRICT_PROTOTYPES = YES;
				CLANG_WARN_SUSPICIOUS_MOVE = YES;
				CLANG_WARN_UNGUARDED_AVAILABILITY = YES_AGGRESSIVE;
				CLANG_WARN_UNREACHABLE_CODE = YES;
				CLANG_WARN__DUPLICATE_METHOD_MATCH = YES;
				COPY_PHASE_STRIP = NO;
				DEBUG_INFORMATION_FORMAT = "dwarf-with-dsym";
				ENABLE_NS_ASSERTIONS = NO;
				ENABLE_STRICT_OBJC_MSGSEND = YES;
				GCC_C_LANGUAGE_STANDARD = gnu11;
				GCC_NO_COMMON_BLOCKS = YES;
				GCC_WARN_64_TO_32_BIT_CONVERSION = YES;
				GCC_WARN_ABOUT_RETURN_TYPE = YES_ERROR;
				GCC_WARN_UNDECLARED_SELECTOR = YES;
				GCC_WARN_UNINITIALIZED_AUTOS = YES_AGGRESSIVE;
				GCC_WARN_UNUSED_FUNCTION = YES;
				GCC_WARN_UNUSED_VARIABLE = YES;
				IPHONEOS_DEPLOYMENT_TARGET = 16.1;
				MTL_ENABLE_DEBUG_INFO = NO;
				MTL_FAST_MATH = YES;
				SDKROOT = iphoneos;
				SWIFT_COMPILATION_MODE = wholemodule;
				SWIFT_OPTIMIZATION_LEVEL = "-O";
				VALIDATE_PRODUCT = YES;
			};
			name = Release;
		};
		B039276C2EC4E53100FDB6B4 /* Debug */ = {
			isa = XCBuildConfiguration;
			buildSettings = {
				ASSETCATALOG_COMPILER_APPICON_NAME = AppIcon;
				ASSETCATALOG_COMPILER_GLOBAL_ACCENT_COLOR_NAME = AccentColor;
				CODE_SIGN_STYLE = Automatic;
				CURRENT_PROJECT_VERSION = 1;
				DEVELOPMENT_ASSET_PATHS = "\"TuneIslan/Preview Content\"";
				ENABLE_PREVIEWS = YES;
				GENERATE_INFOPLIST_FILE = YES;
				INFOPLIST_KEY_UIApplicationSceneManifest_Generation = YES;
				INFOPLIST_KEY_UIApplicationSupportsIndirectInputEvents = YES;
				INFOPLIST_KEY_UILaunchScreen_Generation = YES;
				INFOPLIST_KEY_UISupportedInterfaceOrientations = "UIInterfaceOrientationLandscapeLeft UIInterfaceOrientationLandscapeRight UIInterfaceOrientationPortrait UIInterfaceOrientationPortraitUpsideDown";
				LD_RUNPATH_SEARCH_PATHS = (
					"$(inherited)",
					"@executable_path/Frameworks",
				);
				MARKETING_VERSION = 1.0;
				PRODUCT_BUNDLE_IDENTIFIER = tn.esprit.TuneIslan;
				PRODUCT_NAME = "$(TARGET_NAME)";
				SWIFT_EMIT_LOC_STRINGS = YES;
				SWIFT_VERSION = 5.0;
				TARGETED_DEVICE_FAMILY = "1,2";
			};
			name = Debug;
		};
		B039276D2EC4E53100FDB6B4 /* Release */ = {
			isa = XCBuildConfiguration;
			buildSettings = {
				ASSETCATALOG_COMPILER_APPICON_NAME = AppIcon;
				ASSETCATALOG_COMPILER_GLOBAL_ACCENT_COLOR_NAME = AccentColor;
				CODE_SIGN_STYLE = Automatic;
				CURRENT_PROJECT_VERSION = 1;
				DEVELOPMENT_ASSET_PATHS = "\"TuneIslan/Preview Content\"";
				ENABLE_PREVIEWS = YES;
				GENERATE_INFOPLIST_FILE = YES;
				INFOPLIST_KEY_UIApplicationSceneManifest_Generation = YES;
				INFOPLIST_KEY_UIApplicationSupportsIndirectInputEvents = YES;
				INFOPLIST_KEY_UILaunchScreen_Generation = YES;
				INFOPLIST_KEY_UISupportedInterfaceOrientations = "UIInterfaceOrientationLandscapeLeft UIInterfaceOrientationLandscapeRight UIInterfaceOrientationPortrait UIInterfaceOrientationPortraitUpsideDown";
				LD_RUNPATH_SEARCH_PATHS = (
					"$(inherited)",
					"@executable_path/Frameworks",
				);
				MARKETING_VERSION = 1.0;
				PRODUCT_BUNDLE_IDENTIFIER = tn.esprit.TuneIslan;
				PRODUCT_NAME = "$(TARGET_NAME)";
				SWIFT_EMIT_LOC_STRINGS = YES;
				SWIFT_VERSION = 5.0;
				TARGETED_DEVICE_FAMILY = "1,2";
			};
			name = Release;
		};
/* End XCBuildConfiguration section */

/* Begin XCConfigurationList section */
		B03927532EC4E53000FDB6B4 /* Build configuration list for PBXProject "TuneIslan" */ = {
			isa = XCConfigurationList;
			buildConfigurations = (
				B03927692EC4E53100FDB6B4 /* Debug */,
				B039276A2EC4E53100FDB6B4 /* Release */,
			);
			defaultConfigurationIsVisible = 0;
			defaultConfigurationName = Release;
		};
		B039276B2EC4E53100FDB6B4 /* Build configuration list for PBXNativeTarget "TuneIslan" */ = {
			isa = XCConfigurationList;
			buildConfigurations = (
				B039276C2EC4E53100FDB6B4 /* Debug */,
				B039276D2EC4E53100FDB6B4 /* Release */,
			);
			defaultConfigurationIsVisible = 0;
			defaultConfigurationName = Release;
		};
/* End XCConfigurationList section */

/* Begin XCVersionGroup section */
		B03927662EC4E53100FDB6B4 /* TuneIslan.xcdatamodeld */ = {
			isa = XCVersionGroup;
			children = (
				B03927672EC4E53100FDB6B4 /* TuneIslan.xcdatamodel */,
			);
			currentVersion = B03927672EC4E53100FDB6B4 /* TuneIslan.xcdatamodel */;
			path = TuneIslan.xcdatamodeld;
			sourceTree = "<group>";
			versionGroupType = wrapper.xcdatamodel;
		};
/* End XCVersionGroup section */
	};
	rootObject = B03927502EC4E53000FDB6B4 /* Project object */;
}
